{
  "name": "Evan Sent",
  "version": "0.1.0",
  "lockfileVersion": 1,
  "requires": true,
    "@angular/animations": {
      "version": "11.0.9",
      "resolved": "https://registry.npmjs.org/@angular/animations/-/animations-11.0.9.tgz",
      "integrity": "sha512-/KsMBUbRTqp29CNLbRIe4/8IxWxhnbUUZWqULaySnRDDW/p2m4miPcFVSp4zjrDZPqdXSibDiCyTiWmQ5PTuKA==",
      "requires": {
        "tslib": "^2.0.0"
      }
